// !$*UTF8*$!
{
	archiveVersion = 1;
	classes = {
	};
	objectVersion = 50;
	objects = {

/* Begin PBXBuildFile section */
		2E0E28C72174315E0065CB81 /* MenuBar.swift in Sources */ = {isa = PBXBuildFile; fileRef = 2E0E28C62174315E0065CB81 /* MenuBar.swift */; };
		2E2E1C24218FF8A80069E7E3 /* Video.swift in Sources */ = {isa = PBXBuildFile; fileRef = 2E2E1C23218FF8A80069E7E3 /* Video.swift */; };
		2E9ADF17216DE1450046840B /* VideoCell.swift in Sources */ = {isa = PBXBuildFile; fileRef = 2E9ADF16216DE1450046840B /* VideoCell.swift */; };
		2E9ADF1A216DE1630046840B /* Extensions.swift in Sources */ = {isa = PBXBuildFile; fileRef = 2E9ADF19216DE1630046840B /* Extensions.swift */; };
		2EAB2F9A2153E356008D06A4 /* AppDelegate.swift in Sources */ = {isa = PBXBuildFile; fileRef = 2EAB2F992153E356008D06A4 /* AppDelegate.swift */; };
		2EAB2F9C2153E356008D06A4 /* HomeController.swift in Sources */ = {isa = PBXBuildFile; fileRef = 2EAB2F9B2153E356008D06A4 /* HomeController.swift */; };
		2EAB2FA12153E357008D06A4 /* Assets.xcassets in Resources */ = {isa = PBXBuildFile; fileRef = 2EAB2FA02153E357008D06A4 /* Assets.xcassets */; };
/* End PBXBuildFile section */

/* Begin PBXFileReference section */
		2E0E28C62174315E0065CB81 /* MenuBar.swift */ = {isa = PBXFileReference; lastKnownFileType = sourcecode.swift; path = MenuBar.swift; sourceTree = "<group>"; };
		2E2E1C23218FF8A80069E7E3 /* Video.swift */ = {isa = PBXFileReference; lastKnownFileType = sourcecode.swift; path = Video.swift; sourceTree = "<group>"; };
		2E9ADF16216DE1450046840B /* VideoCell.swift */ = {isa = PBXFileReference; lastKnownFileType = sourcecode.swift; path = VideoCell.swift; sourceTree = "<group>"; };
		2E9ADF19216DE1630046840B /* Extensions.swift */ = {isa = PBXFileReference; lastKnownFileType = sourcecode.swift; path = Extensions.swift; sourceTree = "<group>"; };
		2EAB2F962153E356008D06A4 /* Youtube-clone.app */ = {isa = PBXFileReference; explicitFileType = wrapper.application; includeInIndex = 0; path = "Youtube-clone.app"; sourceTree = BUILT_PRODUCTS_DIR; };
		2EAB2F992153E356008D06A4 /* AppDelegate.swift */ = {isa = PBXFileReference; lastKnownFileType = sourcecode.swift; path = AppDelegate.swift; sourceTree = "<group>"; };
		2EAB2F9B2153E356008D06A4 /* HomeController.swift */ = {isa = PBXFileReference; lastKnownFileType = sourcecode.swift; path = HomeController.swift; sourceTree = "<group>"; };
		2EAB2FA02153E357008D06A4 /* Assets.xcassets */ = {isa = PBXFileReference; lastKnownFileType = folder.assetcatalog; path = Assets.xcassets; sourceTree = "<group>"; };
		2EAB2FA52153E357008D06A4 /* Info.plist */ = {isa = PBXFileReference; lastKnownFileType = text.plist.xml; path = Info.plist; sourceTree = "<group>"; };
/* End PBXFileReference section */

/* Begin PBXFrameworksBuildPhase section */
		2EAB2F932153E356008D06A4 /* Frameworks */ = {
			isa = PBXFrameworksBuildPhase;
			buildActionMask = 2147483647;
			files = (
			);
			runOnlyForDeploymentPostprocessing = 0;
		};
/* End PBXFrameworksBuildPhase section */

/* Begin PBXGroup section */
		2E2E1C22218FF8980069E7E3 /* Model */ = {
			isa = PBXGroup;
			children = (
				2E2E1C23218FF8A80069E7E3 /* Video.swift */,
			);
			path = Model;
			sourceTree = "<group>";
		};
		2E9ADF15216DE1350046840B /* Views */ = {
			isa = PBXGroup;
			children = (
				2E9ADF16216DE1450046840B /* VideoCell.swift */,
				2E0E28C62174315E0065CB81 /* MenuBar.swift */,
			);
			path = Views;
			sourceTree = "<group>";
		};
		2E9ADF18216DE1560046840B /* Helper */ = {
			isa = PBXGroup;
			children = (
				2E9ADF19216DE1630046840B /* Extensions.swift */,
			);
			path = Helper;
			sourceTree = "<group>";
		};
		2E9ADF1B216DE1A60046840B /* Controller */ = {
			isa = PBXGroup;
			children = (
				2EAB2F9B2153E356008D06A4 /* HomeController.swift */,
			);
			path = Controller;
			sourceTree = "<group>";
		};
		2EAB2F8D2153E356008D06A4 = {
			isa = PBXGroup;
			children = (
				2EAB2F982153E356008D06A4 /* Youtube-clone */,
				2EAB2F972153E356008D06A4 /* Products */,
			);
			sourceTree = "<group>";
		};
		2EAB2F972153E356008D06A4 /* Products */ = {
			isa = PBXGroup;
			children = (
				2EAB2F962153E356008D06A4 /* Youtube-clone.app */,
			);
			name = Products;
			sourceTree = "<group>";
		};
		2EAB2F982153E356008D06A4 /* Youtube-clone */ = {
			isa = PBXGroup;
			children = (
				2E2E1C22218FF8980069E7E3 /* Model */,
				2E9ADF1B216DE1A60046840B /* Controller */,
				2E9ADF18216DE1560046840B /* Helper */,
				2E9ADF15216DE1350046840B /* Views */,
				2EAB2F992153E356008D06A4 /* AppDelegate.swift */,
				2EAB2FA02153E357008D06A4 /* Assets.xcassets */,
				2EAB2FA52153E357008D06A4 /* Info.plist */,
			);
			path = "Youtube-clone";
			sourceTree = "<group>";
		};
/* End PBXGroup section */

/* Begin PBXNativeTarget section */
		2EAB2F952153E356008D06A4 /* Youtube-clone */ = {
			isa = PBXNativeTarget;
			buildConfigurationList = 2EAB2FA82153E357008D06A4 /* Build configuration list for PBXNativeTarget "Youtube-clone" */;
			buildPhases = (
				2EAB2F922153E356008D06A4 /* Sources */,
				2EAB2F932153E356008D06A4 /* Frameworks */,
				2EAB2F942153E356008D06A4 /* Resources */,
			);
			buildRules = (
			);
			dependencies = (
			);
			name = "Youtube-clone";
			productName = "Youtube-clone";
			productReference = 2EAB2F962153E356008D06A4 /* Youtube-clone.app */;
			productType = "com.apple.product-type.application";
		};
/* End PBXNativeTarget section */

/* Begin PBXProject section */
		2EAB2F8E2153E356008D06A4 /* Project object */ = {
			isa = PBXProject;
			attributes = {
				LastSwiftUpdateCheck = 1000;
				LastUpgradeCheck = 1000;
				ORGANIZATIONNAME = "Thien Vu Le";
				TargetAttributes = {
					2EAB2F952153E356008D06A4 = {
						CreatedOnToolsVersion = 10.0;
					};
				};
			};
			buildConfigurationList = 2EAB2F912153E356008D06A4 /* Build configuration list for PBXProject "Youtube-clone" */;
			compatibilityVersion = "Xcode 9.3";
			developmentRegion = en;
			hasScannedForEncodings = 0;
			knownRegions = (
				en,
				Base,
			);
			mainGroup = 2EAB2F8D2153E356008D06A4;
			productRefGroup = 2EAB2F972153E356008D06A4 /* Products */;
			projectDirPath = "";
			projectRoot = "";
			targets = (
				2EAB2F952153E356008D06A4 /* Youtube-clone */,
			);
		};
/* End PBXProject section */

/* Begin PBXResourcesBuildPhase section */
		2EAB2F942153E356008D06A4 /* Resources */ = {
			isa = PBXResourcesBuildPhase;
			buildActionMask = 2147483647;
			files = (
				2EAB2FA12153E357008D06A4 /* Assets.xcassets in Resources */,
			);
			runOnlyForDeploymentPostprocessing = 0;
		};
/* End PBXResourcesBuildPhase section */

/* Begin PBXSourcesBuildPhase section */
		2EAB2F922153E356008D06A4 /* Sources */ = {
			isa = PBXSourcesBuildPhase;
			buildActionMask = 2147483647;
			files = (
				2EAB2F9C2153E356008D06A4 /* HomeController.swift in Sources */,
				2E2E1C24218FF8A80069E7E3 /* Video.swift in Sources */,
				2EAB2F9A2153E356008D06A4 /* AppDelegate.swift in Sources */,
				2E9ADF17216DE1450046840B /* VideoCell.swift in Sources */,
				2E9ADF1A216DE1630046840B /* Extensions.swift in Sources */,
				2E0E28C72174315E0065CB81 /* MenuBar.swift in Sources */,
			);
			runOnlyForDeploymentPostprocessing = 0;
		};
/* End PBXSourcesBuildPhase section */

/* Begin XCBuildConfiguration section */
		2EAB2FA62153E357008D06A4 /* Debug */ = {
			isa = XCBuildConfiguration;
			buildSettings = {
				ALWAYS_SEARCH_USER_PATHS = NO;
				CLANG_ANALYZER_NONNULL = YES;
				CLANG_ANALYZER_NUMBER_OBJECT_CONVERSION = YES_AGGRESSIVE;
				CLANG_CXX_LANGUAGE_STANDARD = "gnu++14";
				CLANG_CXX_LIBRARY = "libc++";
				CLANG_ENABLE_MODULES = YES;
				CLANG_ENABLE_OBJC_ARC = YES;
				CLANG_ENABLE_OBJC_WEAK = YES;
				CLANG_WARN_BLOCK_CAPTURE_AUTORELEASING = YES;
				CLANG_WARN_BOOL_CONVERSION = YES;
				CLANG_WARN_COMMA = YES;
				CLANG_WARN_CONSTANT_CONVERSION = YES;
				CLANG_WARN_DEPRECATED_OBJC_IMPLEMENTATIONS = YES;
				CLANG_WARN_DIRECT_OBJC_ISA_USAGE = YES_ERROR;
				CLANG_WARN_DOCUMENTATION_COMMENTS = YES;
				CLANG_WARN_EMPTY_BODY = YES;
				CLANG_WARN_ENUM_CONVERSION = YES;
				CLANG_WARN_INFINITE_RECURSION = YES;
				CLANG_WARN_INT_CONVERSION = YES;
				CLANG_WARN_NON_LITERAL_NULL_CONVERSION = YES;
				CLANG_WARN_OBJC_IMPLICIT_RETAIN_SELF = YES;
				CLANG_WARN_OBJC_LITERAL_CONVERSION = YES;
				CLANG_WARN_OBJC_ROOT_CLASS = YES_ERROR;
				CLANG_WARN_RANGE_LOOP_ANALYSIS = YES;
				CLANG_WARN_STRICT_PROTOTYPES = YES;
				CLANG_WARN_SUSPICIOUS_MOVE = YES;
				CLANG_WARN_UNGUARDED_AVAILABILITY = YES_AGGRESSIVE;
				CLANG_WARN_UNREACHABLE_CODE = YES;
				CLANG_WARN__DUPLICATE_METHOD_MATCH = YES;
				CODE_SIGN_IDENTITY = "iPhone Developer";
				COPY_PHASE_STRIP = NO;
				DEBUG_INFORMATION_FORMAT = dwarf;
				ENABLE_STRICT_OBJC_MSGSEND = YES;
				ENABLE_TESTABILITY = YES;
				GCC_C_LANGUAGE_STANDARD = gnu11;
				GCC_DYNAMIC_NO_PIC = NO;
				GCC_NO_COMMON_BLOCKS = YES;
				GCC_OPTIMIZATION_LEVEL = 0;
				GCC_PREPROCESSOR_DEFINITIONS = (
					"DEBUG=1",
					"$(inherited)",
				);
				GCC_WARN_64_TO_32_BIT_CONVERSION = YES;
				GCC_WARN_ABOUT_RETURN_TYPE = YES_ERROR;
				GCC_WARN_UNDECLARED_SELECTOR = YES;
				GCC_WARN_UNINITIALIZED_AUTOS = YES_AGGRESSIVE;
				GCC_WARN_UNUSED_FUNCTION = YES;
				GCC_WARN_UNUSED_VARIABLE = YES;
				IPHONEOS_DEPLOYMENT_TARGET = 12.0;
				MTL_ENABLE_DEBUG_INFO = INCLUDE_SOURCE;
				MTL_FAST_MATH = YES;
				ONLY_ACTIVE_ARCH = YES;
				SDKROOT = iphoneos;
				SWIFT_ACTIVE_COMPILATION_CONDITIONS = DEBUG;
				SWIFT_OPTIMIZATION_LEVEL = "-Onone";
			};
			name = Debug;
		};
		2EAB2FA72153E357008D06A4 /* Release */ = {
			isa = XCBuildConfiguration;
			buildSettings = {
				ALWAYS_SEARCH_USER_PATHS = NO;
				CLANG_ANALYZER_NONNULL = YES;
				CLANG_ANALYZER_NUMBER_OBJECT_CONVERSION = YES_AGGRESSIVE;
				CLANG_CXX_LANGUAGE_STANDARD = "gnu++14";
				CLANG_CXX_LIBRARY = "libc++";
				CLANG_ENABLE_MODULES = YES;
				CLANG_ENABLE_OBJC_ARC = YES;
				CLANG_ENABLE_OBJC_WEAK = YES;
				CLANG_WARN_BLOCK_CAPTURE_AUTORELEASING = YES;
				CLANG_WARN_BOOL_CONVERSION = YES;
				CLANG_WARN_COMMA = YES;
				CLANG_WARN_CONSTANT_CONVERSION = YES;
				CLANG_WARN_DEPRECATED_OBJC_IMPLEMENTATIONS = YES;
				CLANG_WARN_DIRECT_OBJC_ISA_USAGE = YES_ERROR;
				CLANG_WARN_DOCUMENTATION_COMMENTS = YES;
				CLANG_WARN_EMPTY_BODY = YES;
				CLANG_WARN_ENUM_CONVERSION = YES;
				CLANG_WARN_INFINITE_RECURSION = YES;
				CLANG_WARN_INT_CONVERSION = YES;
				CLANG_WARN_NON_LITERAL_NULL_CONVERSION = YES;
				CLANG_WARN_OBJC_IMPLICIT_RETAIN_SELF = YES;
				CLANG_WARN_OBJC_LITERAL_CONVERSION = YES;
				CLANG_WARN_OBJC_ROOT_CLASS = YES_ERROR;
				CLANG_WARN_RANGE_LOOP_ANALYSIS = YES;
				CLANG_WARN_STRICT_PROTOTYPES = YES;
				CLANG_WARN_SUSPICIOUS_MOVE = YES;
				CLANG_WARN_UNGUARDED_AVAILABILITY = YES_AGGRESSIVE;
				CLANG_WARN_UNREACHABLE_CODE = YES;
				CLANG_WARN__DUPLICATE_METHOD_MATCH = YES;
				CODE_SIGN_IDENTITY = "iPhone Developer";
				COPY_PHASE_STRIP = NO;
				DEBUG_INFORMATION_FORMAT = "dwarf-with-dsym";
				ENABLE_NS_ASSERTIONS = NO;
				ENABLE_STRICT_OBJC_MSGSEND = YES;
				GCC_C_LANGUAGE_STANDARD = gnu11;
				GCC_NO_COMMON_BLOCKS = YES;
				GCC_WARN_64_TO_32_BIT_CONVERSION = YES;
				GCC_WARN_ABOUT_RETURN_TYPE = YES_ERROR;
				GCC_WARN_UNDECLARED_SELECTOR = YES;
				GCC_WARN_UNINITIALIZED_AUTOS = YES_AGGRESSIVE;
				GCC_WARN_UNUSED_FUNCTION = YES;
				GCC_WARN_UNUSED_VARIABLE = YES;
				IPHONEOS_DEPLOYMENT_TARGET = 12.0;
				MTL_ENABLE_DEBUG_INFO = NO;
				MTL_FAST_MATH = YES;
				SDKROOT = iphoneos;
				SWIFT_COMPILATION_MODE = wholemodule;
				SWIFT_OPTIMIZATION_LEVEL = "-O";
				VALIDATE_PRODUCT = YES;
			};
			name = Release;
		};
		2EAB2FA92153E357008D06A4 /* Debug */ = {
			isa = XCBuildConfiguration;
			buildSettings = {
				ASSETCATALOG_COMPILER_APPICON_NAME = AppIcon;
				CODE_SIGN_STYLE = Automatic;
				DEVELOPMENT_TEAM = ZGKWMC3UA4;
				INFOPLIST_FILE = "Youtube-clone/Info.plist";
				LD_RUNPATH_SEARCH_PATHS = (
					"$(inherited)",
					"@executable_path/Frameworks",
				);
				PRODUCT_BUNDLE_IDENTIFIER = "com.thienvule.Youtube-clone";
				PRODUCT_NAME = "$(TARGET_NAME)";
				SWIFT_VERSION = 4.2;
				TARGETED_DEVICE_FAMILY = "1,2";
			};
			name = Debug;
		};
		2EAB2FAA2153E357008D06A4 /* Release */ = {
			isa = XCBuildConfiguration;
			buildSettings = {
				ASSETCATALOG_COMPILER_APPICON_NAME = AppIcon;
				CODE_SIGN_STYLE = Automatic;
				DEVELOPMENT_TEAM = ZGKWMC3UA4;
				INFOPLIST_FILE = "Youtube-clone/Info.plist";
				LD_RUNPATH_SEARCH_PATHS = (
					"$(inherited)",
					"@executable_path/Frameworks",
				);
				PRODUCT_BUNDLE_IDENTIFIER = "com.thienvule.Youtube-clone";
				PRODUCT_NAME = "$(TARGET_NAME)";
				SWIFT_VERSION = 4.2;
				TARGETED_DEVICE_FAMILY = "1,2";
			};
			name = Release;
		};
/* End XCBuildConfiguration section */

/* Begin XCConfigurationList section */
		2EAB2F912153E356008D06A4 /* Build configuration list for PBXProject "Youtube-clone" */ = {
			isa = XCConfigurationList;
			buildConfigurations = (
				2EAB2FA62153E357008D06A4 /* Debug */,
				2EAB2FA72153E357008D06A4 /* Release */,
			);
			defaultConfigurationIsVisible = 0;
			defaultConfigurationName = Release;
		};
		2EAB2FA82153E357008D06A4 /* Build configuration list for PBXNativeTarget "Youtube-clone" */ = {
			isa = XCConfigurationList;
			buildConfigurations = (
				2EAB2FA92153E357008D06A4 /* Debug */,
				2EAB2FAA2153E357008D06A4 /* Release */,
			);
			defaultConfigurationIsVisible = 0;
			defaultConfigurationName = Release;
		};
/* End XCConfigurationList section */
	};
	rootObject = 2EAB2F8E2153E356008D06A4 /* Project object */;
}
